<?xml version="1.0" encoding="utf-8"?>
<Project ToolsVersion="4.0" xmlns="http://schemas.microsoft.com/developer/msbuild/2003">
  <ItemGroup>
    <Filter Include="Component">
      <UniqueIdentifier>{e3d50f18-d954-488e-b4b8-3546392dd6ad}</UniqueIdentifier>
    </Filter>
    <Filter Include="Core">
      <UniqueIdentifier>{808c6696-6a54-4935-b03b-036e805bd53b}</UniqueIdentifier>
    </Filter>
    <Filter Include="Singleton">
      <UniqueIdentifier>{be184997-71be-488c-9764-1272beca5516}</UniqueIdentifier>
    </Filter>
    <Filter Include="ImGui">
      <UniqueIdentifier>{d837089c-9c63-458d-9dfe-130d06e95a0f}</UniqueIdentifier>
    </Filter>
    <Filter Include="ImGui\Headers">
      <UniqueIdentifier>{6044d0d5-c4a4-4fc9-aec6-0a1236b9f095}</UniqueIdentifier>
    </Filter>
    <Filter Include="ImGui\Source">
      <UniqueIdentifier>{a0462f49-d9c9-4923-bb95-9443b403a471}</UniqueIdentifier>
    </Filter>
    <Filter Include="UIWindows">
      <UniqueIdentifier>{f090f251-06d9-4047-8275-a4c40f1ae330}</UniqueIdentifier>
    </Filter>
    <Filter Include="Input">
      <UniqueIdentifier>{0887e783-4eab-41de-8eb1-8e56351c6c0a}</UniqueIdentifier>
    </Filter>
    <Filter Include="Scene">
      <UniqueIdentifier>{8d5e6132-6818-4d80-aea5-26629b1fbc4e}</UniqueIdentifier>
    </Filter>
    <Filter Include="UIWindows\TrashTheCache">
      <UniqueIdentifier>{cce53358-1403-4b7e-885f-f6cd102f6d16}</UniqueIdentifier>
    </Filter>
    <Filter Include="Sound">
      <UniqueIdentifier>{53774d65-6b9a-4304-aca2-2d398b25fb55}</UniqueIdentifier>
    </Filter>
    <Filter Include="Observer/EventQueue">
      <UniqueIdentifier>{eb9f50f7-511d-4e46-9bd3-b5758740b3e8}</UniqueIdentifier>
    </Filter>
    <Filter Include="Steam">
      <UniqueIdentifier>{a7acad3e-530b-4048-9d84-cafcd8a4ed53}</UniqueIdentifier>
    </Filter>
  </ItemGroup>
  <ItemGroup>
    <ClInclude Include="GameObject.h">
      <Filter>Core</Filter>
    </ClInclude>
    <ClInclude Include="Minigin.h">
      <Filter>Core</Filter>
    </ClInclude>
    <ClInclude Include="TransformComponent.h">
      <Filter>Component</Filter>
    </ClInclude>
    <ClInclude Include="RootComponent.h">
      <Filter>Component</Filter>
    </ClInclude>
    <ClInclude Include="TextRenderComponent.h">
      <Filter>Component</Filter>
    </ClInclude>
    <ClInclude Include="GameTime.h">
      <Filter>Singleton</Filter>
    </ClInclude>
    <ClInclude Include="TextureComponent2D.h">
      <Filter>Component</Filter>
    </ClInclude>
    <ClInclude Include="Texture2D.h">
      <Filter>Core</Filter>
    </ClInclude>
    <ClInclude Include="MiniginPCH.h">
      <Filter>Core</Filter>
    </ClInclude>
    <ClInclude Include="FPSComponent.h">
      <Filter>Component</Filter>
    </ClInclude>
    <ClInclude Include="CircularMoveComponent.h">
      <Filter>Component</Filter>
    </ClInclude>
    <ClInclude Include="..\3rdParty\imgui-1.89.3\imconfig.h">
      <Filter>ImGui\Headers</Filter>
    </ClInclude>
    <ClInclude Include="..\3rdParty\imgui-1.89.3\imgui.h">
      <Filter>ImGui\Headers</Filter>
    </ClInclude>
    <ClInclude Include="..\3rdParty\imgui-1.89.3\backends\imgui_impl_opengl2.h">
      <Filter>ImGui\Headers</Filter>
    </ClInclude>
    <ClInclude Include="..\3rdParty\imgui-1.89.3\imgui_internal.h">
      <Filter>ImGui\Headers</Filter>
    </ClInclude>
    <ClInclude Include="..\3rdParty\imgui-1.89.3\imstb_rectpack.h">
      <Filter>ImGui\Headers</Filter>
    </ClInclude>
    <ClInclude Include="..\3rdParty\imgui-1.89.3\imstb_textedit.h">
      <Filter>ImGui\Headers</Filter>
    </ClInclude>
    <ClInclude Include="..\3rdParty\imgui-1.89.3\imstb_truetype.h">
      <Filter>ImGui\Headers</Filter>
    </ClInclude>
    <ClInclude Include="..\3rdParty\imgui-1.89.3\backends\imgui_impl_sdl2.h">
      <Filter>ImGui\Headers</Filter>
    </ClInclude>
    <ClInclude Include="..\3rdParty\imgui-1.89.3\imgui_plot.h">
      <Filter>ImGui\Headers</Filter>
    </ClInclude>
    <ClInclude Include="UIWindow.h">
      <Filter>UIWindows</Filter>
    </ClInclude>
    <ClInclude Include="UIManager.h">
      <Filter>UIWindows</Filter>
    </ClInclude>
    <ClInclude Include="Singleton.h">
      <Filter>Singleton</Filter>
    </ClInclude>
    <ClInclude Include="InputManager.h">
      <Filter>Input</Filter>
    </ClInclude>
    <ClInclude Include="Scene.h">
      <Filter>Scene</Filter>
    </ClInclude>
    <ClInclude Include="ResourceManager.h">
      <Filter>Singleton</Filter>
    </ClInclude>
    <ClInclude Include="SceneManager.h">
      <Filter>Singleton</Filter>
    </ClInclude>
    <ClInclude Include="Renderer.h">
      <Filter>Core</Filter>
    </ClInclude>
    <ClInclude Include="Font.h">
      <Filter>Core</Filter>
    </ClInclude>
    <ClInclude Include="Exercise1.h">
      <Filter>UIWindows\TrashTheCache</Filter>
    </ClInclude>
    <ClInclude Include="Exercise2.h">
      <Filter>UIWindows\TrashTheCache</Filter>
    </ClInclude>
    <ClInclude Include="TrashTheCache.h">
      <Filter>UIWindows\TrashTheCache</Filter>
    </ClInclude>
    <ClInclude Include="InputComponent.h">
      <Filter>Component</Filter>
    </ClInclude>
    <ClInclude Include="XInputController.h">
      <Filter>Input</Filter>
    </ClInclude>
    <ClInclude Include="Command.h">
      <Filter>Input</Filter>
    </ClInclude>
    <ClInclude Include="SoundManager.h">
      <Filter>Sound</Filter>
    </ClInclude>
    <ClInclude Include="Observer.h">
      <Filter>Observer/EventQueue</Filter>
    </ClInclude>
    <ClInclude Include="Achievement.h">
      <Filter>Observer/EventQueue</Filter>
    </ClInclude>
    <ClInclude Include="EventManager.h">
      <Filter>Observer/EventQueue</Filter>
    </ClInclude>
    <ClInclude Include="TextRenderObserver.h">
      <Filter>Observer/EventQueue</Filter>
    </ClInclude>
  </ItemGroup>
  <ItemGroup>
    <ClCompile Include="GameObject.cpp">
      <Filter>Core</Filter>
    </ClCompile>
    <ClCompile Include="Minigin.cpp">
      <Filter>Core</Filter>
    </ClCompile>
    <ClCompile Include="TransformComponent.cpp">
      <Filter>Component</Filter>
    </ClCompile>
    <ClCompile Include="RootComponent.cpp">
      <Filter>Component</Filter>
    </ClCompile>
    <ClCompile Include="TextRenderComponent.cpp">
      <Filter>Component</Filter>
    </ClCompile>
    <ClCompile Include="GameTime.cpp">
      <Filter>Singleton</Filter>
    </ClCompile>
    <ClCompile Include="TextureComponent2D.cpp">
      <Filter>Component</Filter>
    </ClCompile>
    <ClCompile Include="Texture2D.cpp">
      <Filter>Core</Filter>
    </ClCompile>
    <ClCompile Include="FPSComponent.cpp">
      <Filter>Component</Filter>
    </ClCompile>
    <ClCompile Include="CircularMoveComponent.cpp">
      <Filter>Component</Filter>
    </ClCompile>
    <ClCompile Include="..\3rdParty\imgui-1.89.3\imgui_widgets.cpp">
      <Filter>ImGui\Source</Filter>
    </ClCompile>
    <ClCompile Include="..\3rdParty\imgui-1.89.3\imgui.cpp">
      <Filter>ImGui\Source</Filter>
    </ClCompile>
    <ClCompile Include="..\3rdParty\imgui-1.89.3\imgui_demo.cpp">
      <Filter>ImGui\Source</Filter>
    </ClCompile>
    <ClCompile Include="..\3rdParty\imgui-1.89.3\imgui_draw.cpp">
      <Filter>ImGui\Source</Filter>
    </ClCompile>
    <ClCompile Include="..\3rdParty\imgui-1.89.3\backends\imgui_impl_opengl2.cpp">
      <Filter>ImGui\Source</Filter>
    </ClCompile>
    <ClCompile Include="..\3rdParty\imgui-1.89.3\imgui_tables.cpp">
      <Filter>ImGui\Source</Filter>
    </ClCompile>
    <ClCompile Include="..\3rdParty\imgui-1.89.3\backends\imgui_impl_sdl2.cpp">
      <Filter>ImGui\Source</Filter>
    </ClCompile>
    <ClCompile Include="..\3rdParty\imgui-1.89.3\imgui_plot.cpp">
      <Filter>ImGui\Source</Filter>
    </ClCompile>
    <ClCompile Include="UIWindow.cpp">
      <Filter>UIWindows</Filter>
    </ClCompile>
    <ClCompile Include="UIManager.cpp">
      <Filter>UIWindows</Filter>
    </ClCompile>
    <ClCompile Include="InputManager.cpp">
      <Filter>Input</Filter>
    </ClCompile>
    <ClCompile Include="Scene.cpp">
      <Filter>Scene</Filter>
    </ClCompile>
    <ClCompile Include="ResourceManager.cpp">
      <Filter>Singleton</Filter>
    </ClCompile>
    <ClCompile Include="SceneManager.cpp">
      <Filter>Singleton</Filter>
    </ClCompile>
    <ClCompile Include="Renderer.cpp">
      <Filter>Core</Filter>
    </ClCompile>
    <ClCompile Include="Font.cpp">
      <Filter>Core</Filter>
    </ClCompile>
    <ClCompile Include="Exercise1.cpp">
      <Filter>UIWindows\TrashTheCache</Filter>
    </ClCompile>
    <ClCompile Include="Exercise2.cpp">
      <Filter>UIWindows\TrashTheCache</Filter>
    </ClCompile>
    <ClCompile Include="TrashTheCache.cpp">
      <Filter>UIWindows\TrashTheCache</Filter>
    </ClCompile>
    <ClCompile Include="InputComponent.cpp">
      <Filter>Component</Filter>
    </ClCompile>
    <ClCompile Include="XInputController.cpp">
      <Filter>Input</Filter>
    </ClCompile>
    <ClCompile Include="Command.cpp">
      <Filter>Input</Filter>
    </ClCompile>
    <ClCompile Include="SoundManager.cpp">
      <Filter>Sound</Filter>
    </ClCompile>
    <ClCompile Include="Observer.cpp">
      <Filter>Observer/EventQueue</Filter>
    </ClCompile>
    <ClCompile Include="Achievement.cpp">
      <Filter>Observer/EventQueue</Filter>
    </ClCompile>
    <ClCompile Include="EventManager.cpp">
      <Filter>Observer/EventQueue</Filter>
    </ClCompile>
    <ClCompile Include="TextRenderObserver.cpp">
      <Filter>Observer/EventQueue</Filter>
    </ClCompile>
  </ItemGroup>
</Project>